lockfileVersion: 5.4

specifiers:
  '@opentelemetry/api': ^1.1.0
  '@opentelemetry/exporter-trace-otlp-http': ^0.36.1
  '@opentelemetry/resources': ^1.10.1
  '@opentelemetry/sdk-trace-base': ^1.10.1
  '@opentelemetry/sdk-trace-node': ^1.10.1
  '@opentelemetry/semantic-conventions': ^1.10.1
  '@types/node': 14.18.33
  typescript: ^4.8.4

dependencies:
  '@opentelemetry/api': 1.4.1
  '@opentelemetry/exporter-trace-otlp-http': 0.36.1_@opentelemetry+api@1.4.1
  '@opentelemetry/resources': 1.10.1_@opentelemetry+api@1.4.1
  '@opentelemetry/sdk-trace-base': 1.10.1_@opentelemetry+api@1.4.1
  '@opentelemetry/sdk-trace-node': 1.10.1_@opentelemetry+api@1.4.1
  '@opentelemetry/semantic-conventions': 1.10.1

devDependencies:
  '@types/node': 14.18.33
  typescript: 4.9.5

packages:

  /@opentelemetry/api/1.4.1:
    resolution: {integrity: sha512-O2yRJce1GOc6PAy3QxFM4NzFiWzvScDC1/5ihYBL6BUEVdq0XMWN01sppE+H6bBXbaFYipjwFLEWLg5PaSOThA==}
    engines: {node: '>=8.0.0'}
    dev: false

  /@opentelemetry/context-async-hooks/1.10.1_@opentelemetry+api@1.4.1:
    resolution: {integrity: sha512-6CC9sWOZDkUkKrAR957fmxXXlaK3uiBu5xVnuNEQ7hI7VqkUC/r0mNYIql0ouRInLz5o0HwmDuga1eXgQU7KNQ==}
    engines: {node: '>=14'}
    peerDependencies:
      '@opentelemetry/api': '>=1.0.0 <1.5.0'
    dependencies:
      '@opentelemetry/api': 1.4.1
    dev: false

  /@opentelemetry/core/1.10.1_@opentelemetry+api@1.4.1:
    resolution: {integrity: sha512-uBZs9poKMWX7WWHsRfaGHqvrn77D9EU5LwU8Ge3YKD/Su5Gy+T1v476l49nl1UOzEMNo4cISao3nIqQVsABB8g==}
    engines: {node: '>=14'}
    peerDependencies:
      '@opentelemetry/api': '>=1.0.0 <1.5.0'
    dependencies:
      '@opentelemetry/api': 1.4.1
      '@opentelemetry/semantic-conventions': 1.10.1
    dev: false

  /@opentelemetry/exporter-trace-otlp-http/0.36.1_@opentelemetry+api@1.4.1:
    resolution: {integrity: sha512-q/jKlfuKiHqltDzgzgEvXkoEJ/EyVSIAZhfiaoyBeQ49UhHCPvNTH36/hSwbGSEhKeX98WxXZK4NB/S3sUs8ig==}
    engines: {node: '>=14'}
    peerDependencies:
      '@opentelemetry/api': ^1.0.0
    dependencies:
      '@opentelemetry/api': 1.4.1
      '@opentelemetry/core': 1.10.1_@opentelemetry+api@1.4.1
      '@opentelemetry/otlp-exporter-base': 0.36.1_@opentelemetry+api@1.4.1
      '@opentelemetry/otlp-transformer': 0.36.1_@opentelemetry+api@1.4.1
      '@opentelemetry/resources': 1.10.1_@opentelemetry+api@1.4.1
      '@opentelemetry/sdk-trace-base': 1.10.1_@opentelemetry+api@1.4.1
    dev: false

  /@opentelemetry/otlp-exporter-base/0.36.1_@opentelemetry+api@1.4.1:
    resolution: {integrity: sha512-fpjPwLafJIjgxY5qx7Ly74AYmRCd9spC6/jCxvEgGheg1YT4+NkfVnrfllxLRgc9wQNhDj7Y0Knp8RcmXLLVfA==}
    engines: {node: '>=14'}
    peerDependencies:
      '@opentelemetry/api': ^1.0.0
    dependencies:
      '@opentelemetry/api': 1.4.1
      '@opentelemetry/core': 1.10.1_@opentelemetry+api@1.4.1
    dev: false

  /@opentelemetry/otlp-transformer/0.36.1_@opentelemetry+api@1.4.1:
    resolution: {integrity: sha512-d2MomkVHBHwfsmNz6E60s/sm7gtpSjFwDzkFLm9brVq//VXzEhaEyfYSeTabdUs4BmrzhqTIogHWlcd6cOiL+w==}
    engines: {node: '>=14'}
    peerDependencies:
      '@opentelemetry/api': '>=1.3.0 <1.5.0'
    dependencies:
      '@opentelemetry/api': 1.4.1
      '@opentelemetry/core': 1.10.1_@opentelemetry+api@1.4.1
      '@opentelemetry/resources': 1.10.1_@opentelemetry+api@1.4.1
      '@opentelemetry/sdk-metrics': 1.10.1_@opentelemetry+api@1.4.1
      '@opentelemetry/sdk-trace-base': 1.10.1_@opentelemetry+api@1.4.1
    dev: false

  /@opentelemetry/propagator-b3/1.10.1_@opentelemetry+api@1.4.1:
    resolution: {integrity: sha512-YrWqU93PH8RyCmqGhtDZgyk64D+cp8XIjQsLhEgOPcOsxvxSSGXnGt46rx9Z8+WdIbJgj13Q4nV/xuh36k+O+A==}
    engines: {node: '>=14'}
    peerDependencies:
      '@opentelemetry/api': '>=1.0.0 <1.5.0'
    dependencies:
      '@opentelemetry/api': 1.4.1
      '@opentelemetry/core': 1.10.1_@opentelemetry+api@1.4.1
    dev: false

  /@opentelemetry/propagator-jaeger/1.10.1_@opentelemetry+api@1.4.1:
    resolution: {integrity: sha512-qvwFfDPoBw2YQW/OsGHdLdD/rqNRGBRLz5UZR/akO21C4qwIK+lQcXbSi5ve0p2eLHnFshhNFqDmgQclOYBcmg==}
    engines: {node: '>=14'}
    peerDependencies:
      '@opentelemetry/api': '>=1.0.0 <1.5.0'
    dependencies:
      '@opentelemetry/api': 1.4.1
      '@opentelemetry/core': 1.10.1_@opentelemetry+api@1.4.1
    dev: false

  /@opentelemetry/resources/1.10.1_@opentelemetry+api@1.4.1:
    resolution: {integrity: sha512-e+wwdyO44jZtsT1aqGiWMFOfN1XuP9Tv4+H0OYP3yQajBtGdsZjdSUn9UNjw46JsW0Mb+RaTxJwsb2uvfHar0g==}
    engines: {node: '>=14'}
    peerDependencies:
      '@opentelemetry/api': '>=1.0.0 <1.5.0'
    dependencies:
      '@opentelemetry/api': 1.4.1
      '@opentelemetry/core': 1.10.1_@opentelemetry+api@1.4.1
      '@opentelemetry/semantic-conventions': 1.10.1
    dev: false

  /@opentelemetry/sdk-metrics/1.10.1_@opentelemetry+api@1.4.1:
    resolution: {integrity: sha512-ARAD4e6lZhLwstwW+1HG2Q3XuYFA/t8vn10KK/mA4em1pZYKFn64c45RJZJcntxWp4wOZRbp9iL1RXsg7zIjow==}
    engines: {node: '>=14'}
    peerDependencies:
      '@opentelemetry/api': '>=1.3.0 <1.5.0'
    dependencies:
      '@opentelemetry/api': 1.4.1
      '@opentelemetry/core': 1.10.1_@opentelemetry+api@1.4.1
      '@opentelemetry/resources': 1.10.1_@opentelemetry+api@1.4.1
      lodash.merge: 4.6.2
    dev: false

  /@opentelemetry/sdk-trace-base/1.10.1_@opentelemetry+api@1.4.1:
    resolution: {integrity: sha512-jutSP5t22wrPKReJKzI5uKht4mJ4cQdF/mGFJkN+emFFsDXru9CuFv/NfUrD0jEqoaaiqjcZtPSyTzMgu9LXvw==}
    engines: {node: '>=14'}
    peerDependencies:
      '@opentelemetry/api': '>=1.0.0 <1.5.0'
    dependencies:
      '@opentelemetry/api': 1.4.1
      '@opentelemetry/core': 1.10.1_@opentelemetry+api@1.4.1
      '@opentelemetry/resources': 1.10.1_@opentelemetry+api@1.4.1
      '@opentelemetry/semantic-conventions': 1.10.1
    dev: false

  /@opentelemetry/sdk-trace-node/1.10.1_@opentelemetry+api@1.4.1:
    resolution: {integrity: sha512-/y+s1j8rPTaKnPnbrsbYv3ygTb4hjx/1H32zqobFr85cvWX+Tt1RWmcZ51TaPAfq5uJobGFhhLh6ADI2RDvk5Q==}
    engines: {node: '>=14'}
    peerDependencies:
      '@opentelemetry/api': '>=1.0.0 <1.5.0'
    dependencies:
      '@opentelemetry/api': 1.4.1
      '@opentelemetry/context-async-hooks': 1.10.1_@opentelemetry+api@1.4.1
      '@opentelemetry/core': 1.10.1_@opentelemetry+api@1.4.1
      '@opentelemetry/propagator-b3': 1.10.1_@opentelemetry+api@1.4.1
      '@opentelemetry/propagator-jaeger': 1.10.1_@opentelemetry+api@1.4.1
      '@opentelemetry/sdk-trace-base': 1.10.1_@opentelemetry+api@1.4.1
      semver: 7.3.8
    dev: false

  /@opentelemetry/semantic-conventions/1.10.1:
    resolution: {integrity: sha512-qiAueuCoN+1YEuHNXnsct9bkbroZBPd7QwQgd56YURG0LBRVHwE/lF6FOprfUvp1n1tu0O6+E3s6x+dmUndXFQ==}
    engines: {node: '>=14'}
    dev: false

  /@types/node/14.18.33:
    resolution: {integrity: sha512-qelS/Ra6sacc4loe/3MSjXNL1dNQ/GjxNHVzuChwMfmk7HuycRLVQN2qNY3XahK+fZc5E2szqQSKUyAF0E+2bg==}
    dev: true

  /lodash.merge/4.6.2:
    resolution: {integrity: sha512-0KpjqXRVvrYyCsX1swR/XTK0va6VQkQM6MNo7PqW77ByjAhoARA8EfrP1N4+KlKj8YS0ZUCtRT/YUuhyYDujIQ==}
    dev: false

  /lru-cache/6.0.0:
    resolution: {integrity: sha512-Jo6dJ04CmSjuznwJSS3pUeWmd/H0ffTlkXXgwZi+eq1UCmqQwCh+eLsYOYCwY991i2Fah4h1BEMCx4qThGbsiA==}
    engines: {node: '>=10'}
    dependencies:
      yallist: 4.0.0
    dev: false

  /semver/7.3.8:
    resolution: {integrity: sha512-NB1ctGL5rlHrPJtFDVIVzTyQylMLu9N9VICA6HSFJo8MCGVTMW6gfpicwKmmK/dAjTOrqu5l63JJOpDSrAis3A==}
    engines: {node: '>=10'}
    hasBin: true
    dependencies:
      lru-cache: 6.0.0
    dev: false

  /typescript/4.9.5:
    resolution: {integrity: sha512-1FXk9E2Hm+QzZQ7z+McJiHL4NW1F2EzMu9Nq9i3zAaGqibafqYwCVU6WyWAuyQRRzOlxou8xZSyXLEN8oKj24g==}
    engines: {node: '>=4.2.0'}
    hasBin: true
    dev: true

  /yallist/4.0.0:
    resolution: {integrity: sha512-3wdGidZyq5PB084XLES5TpOSRA3wjXAlIWMhum2kRcv/41Sn2emQ0dycQW4uZXLejwKvg6EsvbdlVL+FYEct7A==}
    dev: false
